
Microsoft Visual Studio Solution File, Format Version 12.00
# Visual Studio Version 17
VisualStudioVersion = 17.3.32825.248
MinimumVisualStudioVersion = 10.0.40219.1
Project("{9A19103F-16F7-4668-BE54-9A1E7A4F7556}") = "PRTelegramBot", "PRTelegramBot\PRTelegramBot.csproj", "{E660A919-FDAC-4AC6-A7D0-72D7B270134C}"
EndProject
Project("{9A19103F-16F7-4668-BE54-9A1E7A4F7556}") = "PRTelegramBot.Tests", "PRTelegramBot.Tests\PRTelegramBot.Tests.csproj", "{509D982E-83FE-4FF1-AAD6-0C093391B90D}"
EndProject
Project("{2150E333-8FDC-42A3-9474-1A3956D46DE8}") = "Templates", "Templates", "{FC0EF9C9-AF9D-4176-9A3F-7EE1F3C1A3D4}"
EndProject
Project("{9A19103F-16F7-4668-BE54-9A1E7A4F7556}") = "FastBotTemplateConsole", "Templates\FastBotTemplate\FastBotTemplateConsole.csproj", "{77EF90A3-31DA-4CFD-A59A-4B7FF64DBEC2}"
EndProject
Project("{2150E333-8FDC-42A3-9474-1A3956D46DE8}") = "Examples", "Examples", "{5599E33F-B574-42A0-A7CD-0CC23167B6A0}"
EndProject
Project("{9A19103F-16F7-4668-BE54-9A1E7A4F7556}") = "ConsoleExample", "Examples\ConsoleExample\ConsoleExample.csproj", "{246478C4-8F4F-4946-ABF3-B295A7EA7778}"
EndProject
Project("{9A19103F-16F7-4668-BE54-9A1E7A4F7556}") = "AspNetWebHookExample", "Examples\AspNetWebHookExample\AspNetWebHookExample.csproj", "{96F1CAE9-4617-434C-A4FE-5A21E4FA9B5E}"
EndProject
Project("{9A19103F-16F7-4668-BE54-9A1E7A4F7556}") = "AspNetExample", "Examples\AspNetExample\AspNetExample.csproj", "{8DA57898-BDA0-4F35-91E7-5420DDF74691}"
EndProject
Global
	GlobalSection(SolutionConfigurationPlatforms) = preSolution
		Debug|Any CPU = Debug|Any CPU
		Release|Any CPU = Release|Any CPU
	EndGlobalSection
	GlobalSection(ProjectConfigurationPlatforms) = postSolution
		{E660A919-FDAC-4AC6-A7D0-72D7B270134C}.Debug|Any CPU.ActiveCfg = Debug|Any CPU
		{E660A919-FDAC-4AC6-A7D0-72D7B270134C}.Debug|Any CPU.Build.0 = Debug|Any CPU
		{E660A919-FDAC-4AC6-A7D0-72D7B270134C}.Release|Any CPU.ActiveCfg = Release|Any CPU
		{E660A919-FDAC-4AC6-A7D0-72D7B270134C}.Release|Any CPU.Build.0 = Release|Any CPU
		{509D982E-83FE-4FF1-AAD6-0C093391B90D}.Debug|Any CPU.ActiveCfg = Debug|Any CPU
		{509D982E-83FE-4FF1-AAD6-0C093391B90D}.Debug|Any CPU.Build.0 = Debug|Any CPU
		{509D982E-83FE-4FF1-AAD6-0C093391B90D}.Release|Any CPU.ActiveCfg = Release|Any CPU
		{509D982E-83FE-4FF1-AAD6-0C093391B90D}.Release|Any CPU.Build.0 = Release|Any CPU
		{77EF90A3-31DA-4CFD-A59A-4B7FF64DBEC2}.Debug|Any CPU.ActiveCfg = Debug|Any CPU
		{77EF90A3-31DA-4CFD-A59A-4B7FF64DBEC2}.Debug|Any CPU.Build.0 = Debug|Any CPU
		{77EF90A3-31DA-4CFD-A59A-4B7FF64DBEC2}.Release|Any CPU.ActiveCfg = Release|Any CPU
		{77EF90A3-31DA-4CFD-A59A-4B7FF64DBEC2}.Release|Any CPU.Build.0 = Release|Any CPU
		{246478C4-8F4F-4946-ABF3-B295A7EA7778}.Debug|Any CPU.ActiveCfg = Debug|Any CPU
		{246478C4-8F4F-4946-ABF3-B295A7EA7778}.Debug|Any CPU.Build.0 = Debug|Any CPU
		{246478C4-8F4F-4946-ABF3-B295A7EA7778}.Release|Any CPU.ActiveCfg = Release|Any CPU
		{246478C4-8F4F-4946-ABF3-B295A7EA7778}.Release|Any CPU.Build.0 = Release|Any CPU
		{96F1CAE9-4617-434C-A4FE-5A21E4FA9B5E}.Debug|Any CPU.ActiveCfg = Debug|Any CPU
		{96F1CAE9-4617-434C-A4FE-5A21E4FA9B5E}.Debug|Any CPU.Build.0 = Debug|Any CPU
		{96F1CAE9-4617-434C-A4FE-5A21E4FA9B5E}.Release|Any CPU.ActiveCfg = Release|Any CPU
		{96F1CAE9-4617-434C-A4FE-5A21E4FA9B5E}.Release|Any CPU.Build.0 = Release|Any CPU
		{8DA57898-BDA0-4F35-91E7-5420DDF74691}.Debug|Any CPU.ActiveCfg = Debug|Any CPU
		{8DA57898-BDA0-4F35-91E7-5420DDF74691}.Debug|Any CPU.Build.0 = Debug|Any CPU
		{8DA57898-BDA0-4F35-91E7-5420DDF74691}.Release|Any CPU.ActiveCfg = Release|Any CPU
		{8DA57898-BDA0-4F35-91E7-5420DDF74691}.Release|Any CPU.Build.0 = Release|Any CPU
	EndGlobalSection
	GlobalSection(SolutionProperties) = preSolution
		HideSolutionNode = FALSE
	EndGlobalSection
	GlobalSection(NestedProjects) = preSolution
		{77EF90A3-31DA-4CFD-A59A-4B7FF64DBEC2} = {FC0EF9C9-AF9D-4176-9A3F-7EE1F3C1A3D4}
		{246478C4-8F4F-4946-ABF3-B295A7EA7778} = {5599E33F-B574-42A0-A7CD-0CC23167B6A0}
		{96F1CAE9-4617-434C-A4FE-5A21E4FA9B5E} = {5599E33F-B574-42A0-A7CD-0CC23167B6A0}
		{8DA57898-BDA0-4F35-91E7-5420DDF74691} = {5599E33F-B574-42A0-A7CD-0CC23167B6A0}
	EndGlobalSection
	GlobalSection(ExtensibilityGlobals) = postSolution
		SolutionGuid = {16C6F736-F295-43EC-818D-1183AEB26A7E}
	EndGlobalSection
EndGlobal
